// !$*UTF8*$!
{
	archiveVersion = 1;
	classes = {
	};
	objectVersion = 51;
	objects = {

/* Begin PBXBuildFile section */
		3A42F60D2243FC9900D1D049 /* test.jpg in Resources */ = {isa = PBXBuildFile; fileRef = 3A42F60C2243FC9900D1D049 /* test.jpg */; };
		3AB4B1B8223977F6006FB518 /* AppDelegate.swift in Sources */ = {isa = PBXBuildFile; fileRef = 3AB4B1B7223977F6006FB518 /* AppDelegate.swift */; };
		3AB4B1BA223977F6006FB518 /* ViewController.swift in Sources */ = {isa = PBXBuildFile; fileRef = 3AB4B1B9223977F6006FB518 /* ViewController.swift */; };
		3AB4B1BC223977F8006FB518 /* Assets.xcassets in Resources */ = {isa = PBXBuildFile; fileRef = 3AB4B1BB223977F8006FB518 /* Assets.xcassets */; };
		3AB4B1BF223977F8006FB518 /* Main.storyboard in Resources */ = {isa = PBXBuildFile; fileRef = 3AB4B1BD223977F8006FB518 /* Main.storyboard */; };
		80D1E76A7087CBCDA8A12097 /* Pods_ExampleOSX.framework in Frameworks */ = {isa = PBXBuildFile; fileRef = 526AE635B1C3A7B8787B1974 /* Pods_ExampleOSX.framework */; };
/* End PBXBuildFile section */

/* Begin PBXFileReference section */
		3A42F60C2243FC9900D1D049 /* test.jpg */ = {isa = PBXFileReference; lastKnownFileType = image.jpeg; path = test.jpg; sourceTree = "<group>"; };
		3AB4B1B4223977F6006FB518 /* ExampleOSX.app */ = {isa = PBXFileReference; explicitFileType = wrapper.application; includeInIndex = 0; path = ExampleOSX.app; sourceTree = BUILT_PRODUCTS_DIR; };
		3AB4B1B7223977F6006FB518 /* AppDelegate.swift */ = {isa = PBXFileReference; lastKnownFileType = sourcecode.swift; path = AppDelegate.swift; sourceTree = "<group>"; };
		3AB4B1B9223977F6006FB518 /* ViewController.swift */ = {isa = PBXFileReference; lastKnownFileType = sourcecode.swift; path = ViewController.swift; sourceTree = "<group>"; };
		3AB4B1BB223977F8006FB518 /* Assets.xcassets */ = {isa = PBXFileReference; lastKnownFileType = folder.assetcatalog; path = Assets.xcassets; sourceTree = "<group>"; };
		3AB4B1BE223977F8006FB518 /* Base */ = {isa = PBXFileReference; lastKnownFileType = file.storyboard; name = Base; path = Base.lproj/Main.storyboard; sourceTree = "<group>"; };
		3AB4B1C0223977F8006FB518 /* Info.plist */ = {isa = PBXFileReference; lastKnownFileType = text.plist.xml; path = Info.plist; sourceTree = "<group>"; };
		3AB4B1C1223977F8006FB518 /* ExampleOSX.entitlements */ = {isa = PBXFileReference; lastKnownFileType = text.plist.entitlements; path = ExampleOSX.entitlements; sourceTree = "<group>"; };
		526AE635B1C3A7B8787B1974 /* Pods_ExampleOSX.framework */ = {isa = PBXFileReference; explicitFileType = wrapper.framework; includeInIndex = 0; path = Pods_ExampleOSX.framework; sourceTree = BUILT_PRODUCTS_DIR; };
		63CF6A81562C4FA2AB24703E /* Pods-ExampleOSX.debug.xcconfig */ = {isa = PBXFileReference; includeInIndex = 1; lastKnownFileType = text.xcconfig; name = "Pods-ExampleOSX.debug.xcconfig"; path = "Target Support Files/Pods-ExampleOSX/Pods-ExampleOSX.debug.xcconfig"; sourceTree = "<group>"; };
		B1008D778A359346ED083FFD /* Pods-ExampleOSX.release.xcconfig */ = {isa = PBXFileReference; includeInIndex = 1; lastKnownFileType = text.xcconfig; name = "Pods-ExampleOSX.release.xcconfig"; path = "Target Support Files/Pods-ExampleOSX/Pods-ExampleOSX.release.xcconfig"; sourceTree = "<group>"; };
/* End PBXFileReference section */

/* Begin PBXFrameworksBuildPhase section */
		3AB4B1B1223977F6006FB518 /* Frameworks */ = {
			isa = PBXFrameworksBuildPhase;
			buildActionMask = 2147483647;
			files = (
				80D1E76A7087CBCDA8A12097 /* Pods_ExampleOSX.framework in Frameworks */,
			);
			runOnlyForDeploymentPostprocessing = 0;
		};
/* End PBXFrameworksBuildPhase section */

/* Begin PBXGroup section */
		3AB4B1AB223977F6006FB518 = {
			isa = PBXGroup;
			children = (
				3AB4B1B6223977F6006FB518 /* ExampleOSX */,
				3AB4B1B5223977F6006FB518 /* Products */,
				55103B235A0E4924609CB043 /* Pods */,
				D8D04D7574725370F345DF7C /* Frameworks */,
			);
			sourceTree = "<group>";
		};
		3AB4B1B5223977F6006FB518 /* Products */ = {
			isa = PBXGroup;
			children = (
				3AB4B1B4223977F6006FB518 /* ExampleOSX.app */,
			);
			name = Products;
			sourceTree = "<group>";
		};
		3AB4B1B6223977F6006FB518 /* ExampleOSX */ = {
			isa = PBXGroup;
			children = (
				3A42F60C2243FC9900D1D049 /* test.jpg */,
				3AB4B1B7223977F6006FB518 /* AppDelegate.swift */,
				3AB4B1B9223977F6006FB518 /* ViewController.swift */,
				3AB4B1BB223977F8006FB518 /* Assets.xcassets */,
				3AB4B1BD223977F8006FB518 /* Main.storyboard */,
				3AB4B1C0223977F8006FB518 /* Info.plist */,
				3AB4B1C1223977F8006FB518 /* ExampleOSX.entitlements */,
			);
			path = ExampleOSX;
			sourceTree = "<group>";
		};
		55103B235A0E4924609CB043 /* Pods */ = {
			isa = PBXGroup;
			children = (
				63CF6A81562C4FA2AB24703E /* Pods-ExampleOSX.debug.xcconfig */,
				B1008D778A359346ED083FFD /* Pods-ExampleOSX.release.xcconfig */,
			);
			path = Pods;
			sourceTree = "<group>";
		};
		D8D04D7574725370F345DF7C /* Frameworks */ = {
			isa = PBXGroup;
			children = (
				526AE635B1C3A7B8787B1974 /* Pods_ExampleOSX.framework */,
			);
			name = Frameworks;
			sourceTree = "<group>";
		};
/* End PBXGroup section */

/* Begin PBXNativeTarget section */
		3AB4B1B3223977F6006FB518 /* ExampleOSX */ = {
			isa = PBXNativeTarget;
			buildConfigurationList = 3AB4B1C4223977F8006FB518 /* Build configuration list for PBXNativeTarget "ExampleOSX" */;
			buildPhases = (
				B6FEC1AED683784E8B916A92 /* [CP] Check Pods Manifest.lock */,
				3AB4B1B0223977F6006FB518 /* Sources */,
				3AB4B1B1223977F6006FB518 /* Frameworks */,
				3AB4B1B2223977F6006FB518 /* Resources */,
				FF631242827C4ED89D0A1A4C /* [CP] Embed Pods Frameworks */,
			);
			buildRules = (
			);
			dependencies = (
			);
			name = ExampleOSX;
			productName = ExampleOSX;
			productReference = 3AB4B1B4223977F6006FB518 /* ExampleOSX.app */;
			productType = "com.apple.product-type.application";
		};
/* End PBXNativeTarget section */

/* Begin PBXProject section */
		3AB4B1AC223977F6006FB518 /* Project object */ = {
			isa = PBXProject;
			attributes = {
				LastSwiftUpdateCheck = 1010;
				LastUpgradeCheck = 1010;
				ORGANIZATIONNAME = "高宇";
				TargetAttributes = {
					3AB4B1B3223977F6006FB518 = {
						CreatedOnToolsVersion = 10.1;
					};
				};
			};
			buildConfigurationList = 3AB4B1AF223977F6006FB518 /* Build configuration list for PBXProject "ExampleOSX" */;
			compatibilityVersion = "Xcode 9.3";
			developmentRegion = en;
			hasScannedForEncodings = 0;
			knownRegions = (
				en,
				Base,
			);
			mainGroup = 3AB4B1AB223977F6006FB518;
			productRefGroup = 3AB4B1B5223977F6006FB518 /* Products */;
			projectDirPath = "";
			projectRoot = "";
			targets = (
				3AB4B1B3223977F6006FB518 /* ExampleOSX */,
			);
		};
/* End PBXProject section */

/* Begin PBXResourcesBuildPhase section */
		3AB4B1B2223977F6006FB518 /* Resources */ = {
			isa = PBXResourcesBuildPhase;
			buildActionMask = 2147483647;
			files = (
				3AB4B1BC223977F8006FB518 /* Assets.xcassets in Resources */,
				3A42F60D2243FC9900D1D049 /* test.jpg in Resources */,
				3AB4B1BF223977F8006FB518 /* Main.storyboard in Resources */,
			);
			runOnlyForDeploymentPostprocessing = 0;
		};
/* End PBXResourcesBuildPhase section */

/* Begin PBXShellScriptBuildPhase section */
		B6FEC1AED683784E8B916A92 /* [CP] Check Pods Manifest.lock */ = {
			isa = PBXShellScriptBuildPhase;
			buildActionMask = 2147483647;
			files = (
			);
			inputFileListPaths = (
			);
			inputPaths = (
				"${PODS_PODFILE_DIR_PATH}/Podfile.lock",
				"${PODS_ROOT}/Manifest.lock",
			);
			name = "[CP] Check Pods Manifest.lock";
			outputFileListPaths = (
			);
			outputPaths = (
				"$(DERIVED_FILE_DIR)/Pods-ExampleOSX-checkManifestLockResult.txt",
			);
			runOnlyForDeploymentPostprocessing = 0;
			shellPath = /bin/sh;
			shellScript = "diff \"${PODS_PODFILE_DIR_PATH}/Podfile.lock\" \"${PODS_ROOT}/Manifest.lock\" > /dev/null\nif [ $? != 0 ] ; then\n    # print error to STDERR\n    echo \"error: The sandbox is not in sync with the Podfile.lock. Run 'pod install' or update your CocoaPods installation.\" >&2\n    exit 1\nfi\n# This output is used by Xcode 'outputs' to avoid re-running this script phase.\necho \"SUCCESS\" > \"${SCRIPT_OUTPUT_FILE_0}\"\n";
			showEnvVarsInLog = 0;
		};
		FF631242827C4ED89D0A1A4C /* [CP] Embed Pods Frameworks */ = {
			isa = PBXShellScriptBuildPhase;
			buildActionMask = 2147483647;
			files = (
			);
			inputFileListPaths = (
				"${PODS_ROOT}/Target Support Files/Pods-ExampleOSX/Pods-ExampleOSX-frameworks-${CONFIGURATION}-input-files.xcfilelist",
			);
			name = "[CP] Embed Pods Frameworks";
			outputFileListPaths = (
				"${PODS_ROOT}/Target Support Files/Pods-ExampleOSX/Pods-ExampleOSX-frameworks-${CONFIGURATION}-output-files.xcfilelist",
			);
			runOnlyForDeploymentPostprocessing = 0;
			shellPath = /bin/sh;
			shellScript = "\"${PODS_ROOT}/Target Support Files/Pods-ExampleOSX/Pods-ExampleOSX-frameworks.sh\"\n";
			showEnvVarsInLog = 0;
		};
/* End PBXShellScriptBuildPhase section */

/* Begin PBXSourcesBuildPhase section */
		3AB4B1B0223977F6006FB518 /* Sources */ = {
			isa = PBXSourcesBuildPhase;
			buildActionMask = 2147483647;
			files = (
				3AB4B1BA223977F6006FB518 /* ViewController.swift in Sources */,
				3AB4B1B8223977F6006FB518 /* AppDelegate.swift in Sources */,
			);
			runOnlyForDeploymentPostprocessing = 0;
		};
/* End PBXSourcesBuildPhase section */

/* Begin PBXVariantGroup section */
		3AB4B1BD223977F8006FB518 /* Main.storyboard */ = {
			isa = PBXVariantGroup;
			children = (
				3AB4B1BE223977F8006FB518 /* Base */,
			);
			name = Main.storyboard;
			sourceTree = "<group>";
		};
/* End PBXVariantGroup section */

/* Begin XCBuildConfiguration section */
		3AB4B1C2223977F8006FB518 /* Debug */ = {
			isa = XCBuildConfiguration;
			buildSettings = {
				ALWAYS_SEARCH_USER_PATHS = NO;
				CLANG_ANALYZER_NONNULL = YES;
				CLANG_ANALYZER_NUMBER_OBJECT_CONVERSION = YES_AGGRESSIVE;
				CLANG_CXX_LANGUAGE_STANDARD = "gnu++14";
				CLANG_CXX_LIBRARY = "libc++";
				CLANG_ENABLE_MODULES = YES;
				CLANG_ENABLE_OBJC_ARC = YES;
				CLANG_ENABLE_OBJC_WEAK = YES;
				CLANG_WARN_BLOCK_CAPTURE_AUTORELEASING = YES;
				CLANG_WARN_BOOL_CONVERSION = YES;
				CLANG_WARN_COMMA = YES;
				CLANG_WARN_CONSTANT_CONVERSION = YES;
				CLANG_WARN_DEPRECATED_OBJC_IMPLEMENTATIONS = YES;
				CLANG_WARN_DIRECT_OBJC_ISA_USAGE = YES_ERROR;
				CLANG_WARN_DOCUMENTATION_COMMENTS = YES;
				CLANG_WARN_EMPTY_BODY = YES;
				CLANG_WARN_ENUM_CONVERSION = YES;
				CLANG_WARN_INFINITE_RECURSION = YES;
				CLANG_WARN_INT_CONVERSION = YES;
				CLANG_WARN_NON_LITERAL_NULL_CONVERSION = YES;
				CLANG_WARN_OBJC_IMPLICIT_RETAIN_SELF = YES;
				CLANG_WARN_OBJC_LITERAL_CONVERSION = YES;
				CLANG_WARN_OBJC_ROOT_CLASS = YES_ERROR;
				CLANG_WARN_RANGE_LOOP_ANALYSIS = YES;
				CLANG_WARN_STRICT_PROTOTYPES = YES;
				CLANG_WARN_SUSPICIOUS_MOVE = YES;
				CLANG_WARN_UNGUARDED_AVAILABILITY = YES_AGGRESSIVE;
				CLANG_WARN_UNREACHABLE_CODE = YES;
				CLANG_WARN__DUPLICATE_METHOD_MATCH = YES;
				CODE_SIGN_IDENTITY = "-";
				COPY_PHASE_STRIP = NO;
				DEBUG_INFORMATION_FORMAT = dwarf;
				ENABLE_STRICT_OBJC_MSGSEND = YES;
				ENABLE_TESTABILITY = YES;
				GCC_C_LANGUAGE_STANDARD = gnu11;
				GCC_DYNAMIC_NO_PIC = NO;
				GCC_NO_COMMON_BLOCKS = YES;
				GCC_OPTIMIZATION_LEVEL = 0;
				GCC_PREPROCESSOR_DEFINITIONS = (
					"DEBUG=1",
					"$(inherited)",
				);
				GCC_WARN_64_TO_32_BIT_CONVERSION = YES;
				GCC_WARN_ABOUT_RETURN_TYPE = YES_ERROR;
				GCC_WARN_UNDECLARED_SELECTOR = YES;
				GCC_WARN_UNINITIALIZED_AUTOS = YES_AGGRESSIVE;
				GCC_WARN_UNUSED_FUNCTION = YES;
				GCC_WARN_UNUSED_VARIABLE = YES;
				MACOSX_DEPLOYMENT_TARGET = 10.14;
				MTL_ENABLE_DEBUG_INFO = INCLUDE_SOURCE;
				MTL_FAST_MATH = YES;
				ONLY_ACTIVE_ARCH = YES;
				SDKROOT = macosx;
				SWIFT_ACTIVE_COMPILATION_CONDITIONS = DEBUG;
				SWIFT_OPTIMIZATION_LEVEL = "-Onone";
			};
			name = Debug;
		};
		3AB4B1C3223977F8006FB518 /* Release */ = {
			isa = XCBuildConfiguration;
			buildSettings = {
				ALWAYS_SEARCH_USER_PATHS = NO;
				CLANG_ANALYZER_NONNULL = YES;
				CLANG_ANALYZER_NUMBER_OBJECT_CONVERSION = YES_AGGRESSIVE;
				CLANG_CXX_LANGUAGE_STANDARD = "gnu++14";
				CLANG_CXX_LIBRARY = "libc++";
				CLANG_ENABLE_MODULES = YES;
				CLANG_ENABLE_OBJC_ARC = YES;
				CLANG_ENABLE_OBJC_WEAK = YES;
				CLANG_WARN_BLOCK_CAPTURE_AUTORELEASING = YES;
				CLANG_WARN_BOOL_CONVERSION = YES;
				CLANG_WARN_COMMA = YES;
				CLANG_WARN_CONSTANT_CONVERSION = YES;
				CLANG_WARN_DEPRECATED_OBJC_IMPLEMENTATIONS = YES;
				CLANG_WARN_DIRECT_OBJC_ISA_USAGE = YES_ERROR;
				CLANG_WARN_DOCUMENTATION_COMMENTS = YES;
				CLANG_WARN_EMPTY_BODY = YES;
				CLANG_WARN_ENUM_CONVERSION = YES;
				CLANG_WARN_INFINITE_RECURSION = YES;
				CLANG_WARN_INT_CONVERSION = YES;
				CLANG_WARN_NON_LITERAL_NULL_CONVERSION = YES;
				CLANG_WARN_OBJC_IMPLICIT_RETAIN_SELF = YES;
				CLANG_WARN_OBJC_LITERAL_CONVERSION = YES;
				CLANG_WARN_OBJC_ROOT_CLASS = YES_ERROR;
				CLANG_WARN_RANGE_LOOP_ANALYSIS = YES;
				CLANG_WARN_STRICT_PROTOTYPES = YES;
				CLANG_WARN_SUSPICIOUS_MOVE = YES;
				CLANG_WARN_UNGUARDED_AVAILABILITY = YES_AGGRESSIVE;
				CLANG_WARN_UNREACHABLE_CODE = YES;
				CLANG_WARN__DUPLICATE_METHOD_MATCH = YES;
				CODE_SIGN_IDENTITY = "-";
				COPY_PHASE_STRIP = NO;
				DEBUG_INFORMATION_FORMAT = "dwarf-with-dsym";
				ENABLE_NS_ASSERTIONS = NO;
				ENABLE_STRICT_OBJC_MSGSEND = YES;
				GCC_C_LANGUAGE_STANDARD = gnu11;
				GCC_NO_COMMON_BLOCKS = YES;
				GCC_WARN_64_TO_32_BIT_CONVERSION = YES;
				GCC_WARN_ABOUT_RETURN_TYPE = YES_ERROR;
				GCC_WARN_UNDECLARED_SELECTOR = YES;
				GCC_WARN_UNINITIALIZED_AUTOS = YES_AGGRESSIVE;
				GCC_WARN_UNUSED_FUNCTION = YES;
				GCC_WARN_UNUSED_VARIABLE = YES;
				MACOSX_DEPLOYMENT_TARGET = 10.14;
				MTL_ENABLE_DEBUG_INFO = NO;
				MTL_FAST_MATH = YES;
				SDKROOT = macosx;
				SWIFT_COMPILATION_MODE = wholemodule;
				SWIFT_OPTIMIZATION_LEVEL = "-O";
			};
			name = Release;
		};
		3AB4B1C5223977F8006FB518 /* Debug */ = {
			isa = XCBuildConfiguration;
			baseConfigurationReference = 63CF6A81562C4FA2AB24703E /* Pods-ExampleOSX.debug.xcconfig */;
			buildSettings = {
				ASSETCATALOG_COMPILER_APPICON_NAME = AppIcon;
				CODE_SIGN_ENTITLEMENTS = ExampleOSX/ExampleOSX.entitlements;
				CODE_SIGN_STYLE = Automatic;
				COMBINE_HIDPI_IMAGES = YES;
				INFOPLIST_FILE = ExampleOSX/Info.plist;
				LD_RUNPATH_SEARCH_PATHS = (
					"$(inherited)",
					"@executable_path/../Frameworks",
				);
				MACOSX_DEPLOYMENT_TARGET = 10.14;
				PRODUCT_BUNDLE_IDENTIFIER = org.alfredg.ExampleOSX;
				PRODUCT_NAME = "$(TARGET_NAME)";
				SWIFT_VERSION = 4.2;
			};
			name = Debug;
		};
		3AB4B1C6223977F8006FB518 /* Release */ = {
			isa = XCBuildConfiguration;
			baseConfigurationReference = B1008D778A359346ED083FFD /* Pods-ExampleOSX.release.xcconfig */;
			buildSettings = {
				ASSETCATALOG_COMPILER_APPICON_NAME = AppIcon;
				CODE_SIGN_ENTITLEMENTS = ExampleOSX/ExampleOSX.entitlements;
				CODE_SIGN_STYLE = Automatic;
				COMBINE_HIDPI_IMAGES = YES;
				INFOPLIST_FILE = ExampleOSX/Info.plist;
				LD_RUNPATH_SEARCH_PATHS = (
					"$(inherited)",
					"@executable_path/../Frameworks",
				);
				MACOSX_DEPLOYMENT_TARGET = 10.14;
				PRODUCT_BUNDLE_IDENTIFIER = org.alfredg.ExampleOSX;
				PRODUCT_NAME = "$(TARGET_NAME)";
				SWIFT_VERSION = 4.2;
			};
			name = Release;
		};
/* End XCBuildConfiguration section */

/* Begin XCConfigurationList section */
		3AB4B1AF223977F6006FB518 /* Build configuration list for PBXProject "ExampleOSX" */ = {
			isa = XCConfigurationList;
			buildConfigurations = (
				3AB4B1C2223977F8006FB518 /* Debug */,
				3AB4B1C3223977F8006FB518 /* Release */,
			);
			defaultConfigurationIsVisible = 0;
			defaultConfigurationName = Release;
		};
		3AB4B1C4223977F8006FB518 /* Build configuration list for PBXNativeTarget "ExampleOSX" */ = {
			isa = XCConfigurationList;
			buildConfigurations = (
				3AB4B1C5223977F8006FB518 /* Debug */,
				3AB4B1C6223977F8006FB518 /* Release */,
			);
			defaultConfigurationIsVisible = 0;
			defaultConfigurationName = Release;
		};
/* End XCConfigurationList section */
	};
	rootObject = 3AB4B1AC223977F6006FB518 /* Project object */;
}
